
Microsoft Visual Studio Solution File, Format Version 12.00
Project("{FAE04EC0-301F-11D3-BF4B-00C04F79EFBC}") = "FizzBuzzTesting", "FizzBuzzTesting\FizzBuzzTesting.csproj", "{354596D9-0961-4D3E-A641-18F6DBA19C54}"
EndProject
Project("{FAE04EC0-301F-11D3-BF4B-00C04F79EFBC}") = "FizzBuzzTesting.Tests", "FizzBuzzTesting.Tests\FizzBuzzTesting.Tests.csproj", "{2DC8A8F8-84B1-44A2-B142-54FA49049D42}"
EndProject
Global
	GlobalSection(SolutionConfigurationPlatforms) = preSolution
		Debug|Any CPU = Debug|Any CPU
		Release|Any CPU = Release|Any CPU
	EndGlobalSection
	GlobalSection(ProjectConfigurationPlatforms) = postSolution
		{354596D9-0961-4D3E-A641-18F6DBA19C54}.Debug|Any CPU.ActiveCfg = Debug|Any CPU
		{354596D9-0961-4D3E-A641-18F6DBA19C54}.Debug|Any CPU.Build.0 = Debug|Any CPU
		{354596D9-0961-4D3E-A641-18F6DBA19C54}.Release|Any CPU.ActiveCfg = Release|Any CPU
		{354596D9-0961-4D3E-A641-18F6DBA19C54}.Release|Any CPU.Build.0 = Release|Any CPU
		{2DC8A8F8-84B1-44A2-B142-54FA49049D42}.Debug|Any CPU.ActiveCfg = Debug|Any CPU
		{2DC8A8F8-84B1-44A2-B142-54FA49049D42}.Debug|Any CPU.Build.0 = Debug|Any CPU
		{2DC8A8F8-84B1-44A2-B142-54FA49049D42}.Release|Any CPU.ActiveCfg = Release|Any CPU
		{2DC8A8F8-84B1-44A2-B142-54FA49049D42}.Release|Any CPU.Build.0 = Release|Any CPU
	EndGlobalSection
EndGlobal
